// !$*UTF8*$!
{
	archiveVersion = 1;
	classes = {
	};
	objectVersion = 46;
	objects = {

/* Begin PBXBuildFile section */
		64421D391D382E55003CD4A5 /* MachineViewController.mm in Sources */ = {isa = PBXBuildFile; fileRef = 64421D381D382E55003CD4A5 /* MachineViewController.mm */; };
		64421D3D1D38320D003CD4A5 /* MachineView.xib in Resources */ = {isa = PBXBuildFile; fileRef = 64421D3C1D38320D003CD4A5 /* MachineView.xib */; };
		64421D401D384780003CD4A5 /* Machine.cpp in Sources */ = {isa = PBXBuildFile; fileRef = 64421D3F1D384780003CD4A5 /* Machine.cpp */; };
		64421D431D38495F003CD4A5 /* system.c in Sources */ = {isa = PBXBuildFile; fileRef = 64421D421D38495F003CD4A5 /* system.c */; };
		6483DD321D3BB6B500807C53 /* GLFrameBufferRenderer.cpp in Sources */ = {isa = PBXBuildFile; fileRef = 64EC80BA1B744CCE00C15EFE /* GLFrameBufferRenderer.cpp */; };
		6496E71F1D3967BB00835482 /* CoreAudioOutputPlayer.cpp in Sources */ = {isa = PBXBuildFile; fileRef = 6496E71E1D3967BB00835482 /* CoreAudioOutputPlayer.cpp */; };
		6496E7241D39684A00835482 /* AudioToolbox.framework in Frameworks */ = {isa = PBXBuildFile; fileRef = 6496E7221D39684A00835482 /* AudioToolbox.framework */; };
		6497FBA01B74D180001B0196 /* ROMs in Resources */ = {isa = PBXBuildFile; fileRef = 6497FB9F1B74D180001B0196 /* ROMs */; };
		6497FBA31B74D1CD001B0196 /* SimpleVertex.glsl in Resources */ = {isa = PBXBuildFile; fileRef = 6497FBA21B74D1CD001B0196 /* SimpleVertex.glsl */; };
		6497FBA51B74D3F6001B0196 /* SimplePixel.glsl in Resources */ = {isa = PBXBuildFile; fileRef = 6497FBA41B74D3F6001B0196 /* SimplePixel.glsl */; };
		649D9A741D3B19C6008720B3 /* GLVideoView.mm in Sources */ = {isa = PBXBuildFile; fileRef = 649D9A731D3B19C6008720B3 /* GLVideoView.mm */; };
		64B7D8A11D4008CC007175DA /* OpenGL.cpp in Sources */ = {isa = PBXBuildFile; fileRef = 64B7D8A01D4008CC007175DA /* OpenGL.cpp */; };
		64BFD24C1D41F1D50006FD23 /* Matrix.cpp in Sources */ = {isa = PBXBuildFile; fileRef = 64BFD24B1D41F1D50006FD23 /* Matrix.cpp */; };
		64DEF67E1B794F4E000F4F01 /* Joystick.png in Resources */ = {isa = PBXBuildFile; fileRef = 64DEF67D1B794F4E000F4F01 /* Joystick.png */; };
		64EC80581B722D2E00C15EFE /* main.m in Sources */ = {isa = PBXBuildFile; fileRef = 64EC80571B722D2E00C15EFE /* main.m */; };
		64EC805B1B722D2E00C15EFE /* MainController.m in Sources */ = {isa = PBXBuildFile; fileRef = 64EC805A1B722D2E00C15EFE /* MainController.m */; };
		64EC805E1B722D2E00C15EFE /* MainViewController.mm in Sources */ = {isa = PBXBuildFile; fileRef = 64EC805D1B722D2E00C15EFE /* MainViewController.mm */; };
		64EC80611B722D2E00C15EFE /* Main.storyboard in Resources */ = {isa = PBXBuildFile; fileRef = 64EC805F1B722D2E00C15EFE /* Main.storyboard */; };
		64EC80631B722D2E00C15EFE /* Images.xcassets in Resources */ = {isa = PBXBuildFile; fileRef = 64EC80621B722D2E00C15EFE /* Images.xcassets */; };
		64EC80661B722D2E00C15EFE /* LaunchScreen.xib in Resources */ = {isa = PBXBuildFile; fileRef = 64EC80641B722D2E00C15EFE /* LaunchScreen.xib */; };
		64EC80931B72491800C15EFE /* 89C.c in Sources */ = {isa = PBXBuildFile; fileRef = 64EC80891B72491800C15EFE /* 89C.c */; };
		64EC80941B72491800C15EFE /* ACH.c in Sources */ = {isa = PBXBuildFile; fileRef = 64EC808A1B72491800C15EFE /* ACH.c */; };
		64EC80951B72491800C15EFE /* FRZ.c in Sources */ = {isa = PBXBuildFile; fileRef = 64EC808B1B72491800C15EFE /* FRZ.c */; };
		64EC80961B72491800C15EFE /* PLUSD.c in Sources */ = {isa = PBXBuildFile; fileRef = 64EC808C1B72491800C15EFE /* PLUSD.c */; };
		64EC80971B72491800C15EFE /* PRG.c in Sources */ = {isa = PBXBuildFile; fileRef = 64EC808D1B72491800C15EFE /* PRG.c */; };
		64EC80981B72491800C15EFE /* SIT.c in Sources */ = {isa = PBXBuildFile; fileRef = 64EC808E1B72491800C15EFE /* SIT.c */; };
		64EC80991B72491800C15EFE /* SNA.c in Sources */ = {isa = PBXBuildFile; fileRef = 64EC808F1B72491800C15EFE /* SNA.c */; };
		64EC809A1B72491800C15EFE /* SNP.c in Sources */ = {isa = PBXBuildFile; fileRef = 64EC80911B72491800C15EFE /* SNP.c */; };
		64EC809B1B72491800C15EFE /* ZX.c in Sources */ = {isa = PBXBuildFile; fileRef = 64EC80921B72491800C15EFE /* ZX.c */; };
		64EC80A31B72497300C15EFE /* AY-3-891x.c in Sources */ = {isa = PBXBuildFile; fileRef = 64EC809C1B72497300C15EFE /* AY-3-891x.c */; };
		64EC80A41B72497300C15EFE /* Z80.c in Sources */ = {isa = PBXBuildFile; fileRef = 64EC809F1B72497300C15EFE /* Z80.c */; settings = {COMPILER_FLAGS = "-DEMULATION_CPU_Z80_NO_SLOTS"; }; };
		64EC80A51B72497300C15EFE /* ZX Spectrum.c in Sources */ = {isa = PBXBuildFile; fileRef = 64EC80A11B72497300C15EFE /* ZX Spectrum.c */; settings = {COMPILER_FLAGS = "-DEMULATION_CPU_Z80_NO_SLOTS"; }; };
		64EC80A81B73AA7F00C15EFE /* TapeRecorderView.m in Sources */ = {isa = PBXBuildFile; fileRef = 64EC80A71B73AA7F00C15EFE /* TapeRecorderView.m */; };
		64EC80AC1B73AAAF00C15EFE /* JoystickView.m in Sources */ = {isa = PBXBuildFile; fileRef = 64EC80AB1B73AAAF00C15EFE /* JoystickView.m */; };
		64EC80AF1B73AAC300C15EFE /* KeyboardView.m in Sources */ = {isa = PBXBuildFile; fileRef = 64EC80AE1B73AAC300C15EFE /* KeyboardView.m */; };
		64EC80B51B7442C700C15EFE /* OpenGLES.framework in Frameworks */ = {isa = PBXBuildFile; fileRef = 64EC80B41B7442C700C15EFE /* OpenGLES.framework */; };
		64EC80B71B7442D600C15EFE /* QuartzCore.framework in Frameworks */ = {isa = PBXBuildFile; fileRef = 64EC80B61B7442D600C15EFE /* QuartzCore.framework */; };
/* End PBXBuildFile section */

/* Begin PBXFileReference section */
		64421D371D382E55003CD4A5 /* MachineViewController.h */ = {isa = PBXFileReference; fileEncoding = 4; lastKnownFileType = sourcecode.c.h; path = MachineViewController.h; sourceTree = "<group>"; };
		64421D381D382E55003CD4A5 /* MachineViewController.mm */ = {isa = PBXFileReference; fileEncoding = 4; lastKnownFileType = sourcecode.cpp.objcpp; path = MachineViewController.mm; sourceTree = "<group>"; };
		64421D3C1D38320D003CD4A5 /* MachineView.xib */ = {isa = PBXFileReference; fileEncoding = 4; lastKnownFileType = file.xib; path = MachineView.xib; sourceTree = "<group>"; };
		64421D3E1D384780003CD4A5 /* Machine.hpp */ = {isa = PBXFileReference; fileEncoding = 4; lastKnownFileType = sourcecode.cpp.h; path = Machine.hpp; sourceTree = "<group>"; };
		64421D3F1D384780003CD4A5 /* Machine.cpp */ = {isa = PBXFileReference; fileEncoding = 4; lastKnownFileType = sourcecode.cpp.cpp; path = Machine.cpp; sourceTree = "<group>"; };
		64421D411D38495F003CD4A5 /* system.h */ = {isa = PBXFileReference; fileEncoding = 4; lastKnownFileType = sourcecode.c.h; path = system.h; sourceTree = "<group>"; };
		64421D421D38495F003CD4A5 /* system.c */ = {isa = PBXFileReference; fileEncoding = 4; lastKnownFileType = sourcecode.c.c; path = system.c; sourceTree = "<group>"; };
		6496E71D1D3967BB00835482 /* CoreAudioOutputPlayer.hpp */ = {isa = PBXFileReference; fileEncoding = 4; lastKnownFileType = sourcecode.cpp.h; path = CoreAudioOutputPlayer.hpp; sourceTree = "<group>"; };
		6496E71E1D3967BB00835482 /* CoreAudioOutputPlayer.cpp */ = {isa = PBXFileReference; fileEncoding = 4; lastKnownFileType = sourcecode.cpp.cpp; path = CoreAudioOutputPlayer.cpp; sourceTree = "<group>"; };
		6496E7221D39684A00835482 /* AudioToolbox.framework */ = {isa = PBXFileReference; lastKnownFileType = wrapper.framework; name = AudioToolbox.framework; path = System/Library/Frameworks/AudioToolbox.framework; sourceTree = SDKROOT; };
		6497FB9F1B74D180001B0196 /* ROMs */ = {isa = PBXFileReference; lastKnownFileType = folder; path = ROMs; sourceTree = "<group>"; };
		6497FBA21B74D1CD001B0196 /* SimpleVertex.glsl */ = {isa = PBXFileReference; fileEncoding = 4; lastKnownFileType = text; path = SimpleVertex.glsl; sourceTree = "<group>"; };
		6497FBA41B74D3F6001B0196 /* SimplePixel.glsl */ = {isa = PBXFileReference; fileEncoding = 4; lastKnownFileType = text; path = SimplePixel.glsl; sourceTree = "<group>"; };
		649D9A721D3B19C6008720B3 /* GLVideoView.h */ = {isa = PBXFileReference; fileEncoding = 4; lastKnownFileType = sourcecode.c.h; path = GLVideoView.h; sourceTree = "<group>"; };
		649D9A731D3B19C6008720B3 /* GLVideoView.mm */ = {isa = PBXFileReference; fileEncoding = 4; lastKnownFileType = sourcecode.cpp.objcpp; path = GLVideoView.mm; sourceTree = "<group>"; };
		64B7D8A01D4008CC007175DA /* OpenGL.cpp */ = {isa = PBXFileReference; fileEncoding = 4; lastKnownFileType = sourcecode.cpp.cpp; path = OpenGL.cpp; sourceTree = "<group>"; };
		64BFD24A1D41F1D00006FD23 /* Matrix.hpp */ = {isa = PBXFileReference; lastKnownFileType = sourcecode.cpp.h; path = Matrix.hpp; sourceTree = "<group>"; };
		64BFD24B1D41F1D50006FD23 /* Matrix.cpp */ = {isa = PBXFileReference; fileEncoding = 4; lastKnownFileType = sourcecode.cpp.cpp; path = Matrix.cpp; sourceTree = "<group>"; };
		64DEF67D1B794F4E000F4F01 /* Joystick.png */ = {isa = PBXFileReference; lastKnownFileType = image.png; path = Joystick.png; sourceTree = "<group>"; };
		64E106241CAAB17A0007743B /* Prefix.pch */ = {isa = PBXFileReference; fileEncoding = 4; lastKnownFileType = sourcecode.c.h; path = Prefix.pch; sourceTree = "<group>"; };
		64EC80521B722D2E00C15EFE /* μZX.app */ = {isa = PBXFileReference; explicitFileType = wrapper.application; includeInIndex = 0; path = "μZX.app"; sourceTree = BUILT_PRODUCTS_DIR; };
		64EC80561B722D2E00C15EFE /* Info.plist */ = {isa = PBXFileReference; lastKnownFileType = text.plist.xml; path = Info.plist; sourceTree = "<group>"; };
		64EC80571B722D2E00C15EFE /* main.m */ = {isa = PBXFileReference; lastKnownFileType = sourcecode.c.objc; path = main.m; sourceTree = "<group>"; };
		64EC80591B722D2E00C15EFE /* MainController.h */ = {isa = PBXFileReference; lastKnownFileType = sourcecode.c.h; path = MainController.h; sourceTree = "<group>"; };
		64EC805A1B722D2E00C15EFE /* MainController.m */ = {isa = PBXFileReference; lastKnownFileType = sourcecode.c.objc; path = MainController.m; sourceTree = "<group>"; };
		64EC805C1B722D2E00C15EFE /* MainViewController.h */ = {isa = PBXFileReference; lastKnownFileType = sourcecode.c.h; path = MainViewController.h; sourceTree = "<group>"; };
		64EC805D1B722D2E00C15EFE /* MainViewController.mm */ = {isa = PBXFileReference; lastKnownFileType = sourcecode.cpp.objcpp; path = MainViewController.mm; sourceTree = "<group>"; };
		64EC80601B722D2E00C15EFE /* Base */ = {isa = PBXFileReference; lastKnownFileType = file.storyboard; name = Base; path = Base.lproj/Main.storyboard; sourceTree = "<group>"; };
		64EC80621B722D2E00C15EFE /* Images.xcassets */ = {isa = PBXFileReference; lastKnownFileType = folder.assetcatalog; path = Images.xcassets; sourceTree = "<group>"; };
		64EC80651B722D2E00C15EFE /* Base */ = {isa = PBXFileReference; lastKnownFileType = file.xib; name = Base; path = Base.lproj/LaunchScreen.xib; sourceTree = "<group>"; };
		64EC80891B72491800C15EFE /* 89C.c */ = {isa = PBXFileReference; fileEncoding = 4; lastKnownFileType = sourcecode.c.c; path = 89C.c; sourceTree = "<group>"; };
		64EC808A1B72491800C15EFE /* ACH.c */ = {isa = PBXFileReference; fileEncoding = 4; lastKnownFileType = sourcecode.c.c; path = ACH.c; sourceTree = "<group>"; };
		64EC808B1B72491800C15EFE /* FRZ.c */ = {isa = PBXFileReference; fileEncoding = 4; lastKnownFileType = sourcecode.c.c; path = FRZ.c; sourceTree = "<group>"; };
		64EC808C1B72491800C15EFE /* PLUSD.c */ = {isa = PBXFileReference; fileEncoding = 4; lastKnownFileType = sourcecode.c.c; path = PLUSD.c; sourceTree = "<group>"; };
		64EC808D1B72491800C15EFE /* PRG.c */ = {isa = PBXFileReference; fileEncoding = 4; lastKnownFileType = sourcecode.c.c; path = PRG.c; sourceTree = "<group>"; };
		64EC808E1B72491800C15EFE /* SIT.c */ = {isa = PBXFileReference; fileEncoding = 4; lastKnownFileType = sourcecode.c.c; path = SIT.c; sourceTree = "<group>"; };
		64EC808F1B72491800C15EFE /* SNA.c */ = {isa = PBXFileReference; fileEncoding = 4; lastKnownFileType = sourcecode.c.c; path = SNA.c; sourceTree = "<group>"; };
		64EC80901B72491800C15EFE /* SNA.h */ = {isa = PBXFileReference; fileEncoding = 4; lastKnownFileType = sourcecode.c.h; path = SNA.h; sourceTree = "<group>"; };
		64EC80911B72491800C15EFE /* SNP.c */ = {isa = PBXFileReference; fileEncoding = 4; lastKnownFileType = sourcecode.c.c; path = SNP.c; sourceTree = "<group>"; };
		64EC80921B72491800C15EFE /* ZX.c */ = {isa = PBXFileReference; fileEncoding = 4; lastKnownFileType = sourcecode.c.c; path = ZX.c; sourceTree = "<group>"; };
		64EC809C1B72497300C15EFE /* AY-3-891x.c */ = {isa = PBXFileReference; fileEncoding = 4; lastKnownFileType = sourcecode.c.c; path = "AY-3-891x.c"; sourceTree = "<group>"; };
		64EC809D1B72497300C15EFE /* AY-3-891x.h */ = {isa = PBXFileReference; fileEncoding = 4; lastKnownFileType = sourcecode.c.h; path = "AY-3-891x.h"; sourceTree = "<group>"; };
		64EC809E1B72497300C15EFE /* MachineABI.h */ = {isa = PBXFileReference; fileEncoding = 4; lastKnownFileType = sourcecode.c.h; path = MachineABI.h; sourceTree = "<group>"; };
		64EC809F1B72497300C15EFE /* Z80.c */ = {isa = PBXFileReference; fileEncoding = 4; lastKnownFileType = sourcecode.c.c; path = Z80.c; sourceTree = "<group>"; };
		64EC80A01B72497300C15EFE /* Z80.h */ = {isa = PBXFileReference; fileEncoding = 4; lastKnownFileType = sourcecode.c.h; path = Z80.h; sourceTree = "<group>"; };
		64EC80A11B72497300C15EFE /* ZX Spectrum.c */ = {isa = PBXFileReference; fileEncoding = 4; lastKnownFileType = sourcecode.c.c; path = "ZX Spectrum.c"; sourceTree = "<group>"; };
		64EC80A21B72497300C15EFE /* ZX Spectrum.h */ = {isa = PBXFileReference; fileEncoding = 4; lastKnownFileType = sourcecode.c.h; path = "ZX Spectrum.h"; sourceTree = "<group>"; };
		64EC80A61B73AA7F00C15EFE /* TapeRecorderView.h */ = {isa = PBXFileReference; fileEncoding = 4; lastKnownFileType = sourcecode.c.h; path = TapeRecorderView.h; sourceTree = "<group>"; };
		64EC80A71B73AA7F00C15EFE /* TapeRecorderView.m */ = {isa = PBXFileReference; fileEncoding = 4; lastKnownFileType = sourcecode.c.objc; path = TapeRecorderView.m; sourceTree = "<group>"; };
		64EC80AA1B73AAAF00C15EFE /* JoystickView.h */ = {isa = PBXFileReference; fileEncoding = 4; lastKnownFileType = sourcecode.c.h; path = JoystickView.h; sourceTree = "<group>"; };
		64EC80AB1B73AAAF00C15EFE /* JoystickView.m */ = {isa = PBXFileReference; fileEncoding = 4; lastKnownFileType = sourcecode.c.objc; path = JoystickView.m; sourceTree = "<group>"; };
		64EC80AD1B73AAC300C15EFE /* KeyboardView.h */ = {isa = PBXFileReference; fileEncoding = 4; lastKnownFileType = sourcecode.c.h; path = KeyboardView.h; sourceTree = "<group>"; };
		64EC80AE1B73AAC300C15EFE /* KeyboardView.m */ = {isa = PBXFileReference; fileEncoding = 4; lastKnownFileType = sourcecode.c.objc; path = KeyboardView.m; sourceTree = "<group>"; };
		64EC80B41B7442C700C15EFE /* OpenGLES.framework */ = {isa = PBXFileReference; lastKnownFileType = wrapper.framework; name = OpenGLES.framework; path = System/Library/Frameworks/OpenGLES.framework; sourceTree = SDKROOT; };
		64EC80B61B7442D600C15EFE /* QuartzCore.framework */ = {isa = PBXFileReference; lastKnownFileType = wrapper.framework; name = QuartzCore.framework; path = System/Library/Frameworks/QuartzCore.framework; sourceTree = SDKROOT; };
		64EC80B81B744C8E00C15EFE /* OpenGL.hpp */ = {isa = PBXFileReference; lastKnownFileType = sourcecode.cpp.h; path = OpenGL.hpp; sourceTree = "<group>"; };
		64EC80B91B744CCE00C15EFE /* GLFrameBufferRenderer.hpp */ = {isa = PBXFileReference; fileEncoding = 4; lastKnownFileType = sourcecode.cpp.h; path = GLFrameBufferRenderer.hpp; sourceTree = "<group>"; };
		64EC80BA1B744CCE00C15EFE /* GLFrameBufferRenderer.cpp */ = {isa = PBXFileReference; fileEncoding = 4; lastKnownFileType = sourcecode.cpp.cpp; path = GLFrameBufferRenderer.cpp; sourceTree = "<group>"; };
/* End PBXFileReference section */

/* Begin PBXFrameworksBuildPhase section */
		64EC804F1B722D2E00C15EFE /* Frameworks */ = {
			isa = PBXFrameworksBuildPhase;
			buildActionMask = 2147483647;
			files = (
				6496E7241D39684A00835482 /* AudioToolbox.framework in Frameworks */,
				64EC80B71B7442D600C15EFE /* QuartzCore.framework in Frameworks */,
				64EC80B51B7442C700C15EFE /* OpenGLES.framework in Frameworks */,
			);
			runOnlyForDeploymentPostprocessing = 0;
		};
/* End PBXFrameworksBuildPhase section */

/* Begin PBXGroup section */
		6496E7261D3968D000835482 /* Frameworks */ = {
			isa = PBXGroup;
			children = (
				6496E7221D39684A00835482 /* AudioToolbox.framework */,
				64EC80B61B7442D600C15EFE /* QuartzCore.framework */,
				64EC80B41B7442C700C15EFE /* OpenGLES.framework */,
			);
			name = Frameworks;
			sourceTree = "<group>";
		};
		6496E7271D3969FA00835482 /* OS X & iOS */ = {
			isa = PBXGroup;
			children = (
				6496E71D1D3967BB00835482 /* CoreAudioOutputPlayer.hpp */,
				6496E71E1D3967BB00835482 /* CoreAudioOutputPlayer.cpp */,
				649D9A721D3B19C6008720B3 /* GLVideoView.h */,
				649D9A731D3B19C6008720B3 /* GLVideoView.mm */,
			);
			path = "OS X & iOS";
			sourceTree = "<group>";
		};
		6497FBA11B74D190001B0196 /* shaders */ = {
			isa = PBXGroup;
			children = (
				6497FBA21B74D1CD001B0196 /* SimpleVertex.glsl */,
				6497FBA41B74D3F6001B0196 /* SimplePixel.glsl */,
			);
			path = shaders;
			sourceTree = "<group>";
		};
		64EC80491B722D2D00C15EFE = {
			isa = PBXGroup;
			children = (
				64EC807B1B72333E00C15EFE /* Sources */,
				64EC80541B722D2E00C15EFE /* Resources */,
				6496E7261D3968D000835482 /* Frameworks */,
				64EC80531B722D2E00C15EFE /* Products */,
			);
			sourceTree = "<group>";
		};
		64EC80531B722D2E00C15EFE /* Products */ = {
			isa = PBXGroup;
			children = (
				64EC80521B722D2E00C15EFE /* μZX.app */,
			);
			name = Products;
			sourceTree = "<group>";
		};
		64EC80541B722D2E00C15EFE /* Resources */ = {
			isa = PBXGroup;
			children = (
				64EC807E1B72337000C15EFE /* Common */,
				64EC807F1B72337600C15EFE /* iOS */,
			);
			name = Resources;
			path = ../../resources;
			sourceTree = "<group>";
		};
		64EC807B1B72333E00C15EFE /* Sources */ = {
			isa = PBXGroup;
			children = (
				64EC807C1B72334400C15EFE /* Common */,
				6496E7271D3969FA00835482 /* OS X & iOS */,
				64EC807D1B72334900C15EFE /* iOS */,
			);
			name = Sources;
			path = ../../sources;
			sourceTree = "<group>";
		};
		64EC807C1B72334400C15EFE /* Common */ = {
			isa = PBXGroup;
			children = (
				64EC80851B72486D00C15EFE /* Codecs */,
				64EC80841B72486400C15EFE /* Emulators */,
				64421D411D38495F003CD4A5 /* system.h */,
				64421D421D38495F003CD4A5 /* system.c */,
				64EC80B81B744C8E00C15EFE /* OpenGL.hpp */,
				64B7D8A01D4008CC007175DA /* OpenGL.cpp */,
				64BFD24A1D41F1D00006FD23 /* Matrix.hpp */,
				64BFD24B1D41F1D50006FD23 /* Matrix.cpp */,
				64421D3E1D384780003CD4A5 /* Machine.hpp */,
				64421D3F1D384780003CD4A5 /* Machine.cpp */,
				64EC80B91B744CCE00C15EFE /* GLFrameBufferRenderer.hpp */,
				64EC80BA1B744CCE00C15EFE /* GLFrameBufferRenderer.cpp */,
			);
			name = Common;
			path = common;
			sourceTree = "<group>";
		};
		64EC807D1B72334900C15EFE /* iOS */ = {
			isa = PBXGroup;
			children = (
				64E106241CAAB17A0007743B /* Prefix.pch */,
				64EC80571B722D2E00C15EFE /* main.m */,
				64EC80591B722D2E00C15EFE /* MainController.h */,
				64EC805A1B722D2E00C15EFE /* MainController.m */,
				64EC805C1B722D2E00C15EFE /* MainViewController.h */,
				64EC805D1B722D2E00C15EFE /* MainViewController.mm */,
				64421D371D382E55003CD4A5 /* MachineViewController.h */,
				64421D381D382E55003CD4A5 /* MachineViewController.mm */,
				64EC80A61B73AA7F00C15EFE /* TapeRecorderView.h */,
				64EC80A71B73AA7F00C15EFE /* TapeRecorderView.m */,
				64EC80AA1B73AAAF00C15EFE /* JoystickView.h */,
				64EC80AB1B73AAAF00C15EFE /* JoystickView.m */,
				64EC80AD1B73AAC300C15EFE /* KeyboardView.h */,
				64EC80AE1B73AAC300C15EFE /* KeyboardView.m */,
			);
			path = iOS;
			sourceTree = "<group>";
		};
		64EC807E1B72337000C15EFE /* Common */ = {
			isa = PBXGroup;
			children = (
				6497FBA11B74D190001B0196 /* shaders */,
				6497FB9F1B74D180001B0196 /* ROMs */,
			);
			name = Common;
			path = common;
			sourceTree = "<group>";
		};
		64EC807F1B72337600C15EFE /* iOS */ = {
			isa = PBXGroup;
			children = (
				64EC80831B7233D000C15EFE /* Property Lists */,
				64EC80821B7233C900C15EFE /* Images */,
				64EC80811B7233B400C15EFE /* Strings */,
				64EC80801B72338200C15EFE /* UI */,
			);
			path = iOS;
			sourceTree = "<group>";
		};
		64EC80801B72338200C15EFE /* UI */ = {
			isa = PBXGroup;
			children = (
				64EC805F1B722D2E00C15EFE /* Main.storyboard */,
				64EC80641B722D2E00C15EFE /* LaunchScreen.xib */,
				64421D3C1D38320D003CD4A5 /* MachineView.xib */,
			);
			path = UI;
			sourceTree = "<group>";
		};
		64EC80811B7233B400C15EFE /* Strings */ = {
			isa = PBXGroup;
			children = (
			);
			name = Strings;
			path = strings;
			sourceTree = "<group>";
		};
		64EC80821B7233C900C15EFE /* Images */ = {
			isa = PBXGroup;
			children = (
				64DEF67D1B794F4E000F4F01 /* Joystick.png */,
				64EC80621B722D2E00C15EFE /* Images.xcassets */,
			);
			name = Images;
			path = images;
			sourceTree = "<group>";
		};
		64EC80831B7233D000C15EFE /* Property Lists */ = {
			isa = PBXGroup;
			children = (
				64EC80561B722D2E00C15EFE /* Info.plist */,
			);
			name = "Property Lists";
			path = "property lists";
			sourceTree = "<group>";
		};
		64EC80841B72486400C15EFE /* Emulators */ = {
			isa = PBXGroup;
			children = (
				64EC809E1B72497300C15EFE /* MachineABI.h */,
				64EC809D1B72497300C15EFE /* AY-3-891x.h */,
				64EC809C1B72497300C15EFE /* AY-3-891x.c */,
				64EC80A01B72497300C15EFE /* Z80.h */,
				64EC809F1B72497300C15EFE /* Z80.c */,
				64EC80A21B72497300C15EFE /* ZX Spectrum.h */,
				64EC80A11B72497300C15EFE /* ZX Spectrum.c */,
			);
			name = Emulators;
			path = emulators;
			sourceTree = "<group>";
		};
		64EC80851B72486D00C15EFE /* Codecs */ = {
			isa = PBXGroup;
			children = (
				64EC80881B7248FB00C15EFE /* Snapshot */,
				64EC80871B7248F500C15EFE /* Tape Image */,
				64EC80861B7248EC00C15EFE /* Floppy Image */,
			);
			name = Codecs;
			path = codecs;
			sourceTree = "<group>";
		};
		64EC80861B7248EC00C15EFE /* Floppy Image */ = {
			isa = PBXGroup;
			children = (
			);
			name = "Floppy Image";
			path = "floppy image";
			sourceTree = "<group>";
		};
		64EC80871B7248F500C15EFE /* Tape Image */ = {
			isa = PBXGroup;
			children = (
			);
			name = "Tape Image";
			path = "tape image";
			sourceTree = "<group>";
		};
		64EC80881B7248FB00C15EFE /* Snapshot */ = {
			isa = PBXGroup;
			children = (
				64EC80891B72491800C15EFE /* 89C.c */,
				64EC808A1B72491800C15EFE /* ACH.c */,
				64EC808B1B72491800C15EFE /* FRZ.c */,
				64EC808C1B72491800C15EFE /* PLUSD.c */,
				64EC808D1B72491800C15EFE /* PRG.c */,
				64EC808E1B72491800C15EFE /* SIT.c */,
				64EC808F1B72491800C15EFE /* SNA.c */,
				64EC80901B72491800C15EFE /* SNA.h */,
				64EC80911B72491800C15EFE /* SNP.c */,
				64EC80921B72491800C15EFE /* ZX.c */,
			);
			name = Snapshot;
			path = snapshot;
			sourceTree = "<group>";
		};
/* End PBXGroup section */

/* Begin PBXNativeTarget section */
		64EC80511B722D2E00C15EFE /* μZX */ = {
			isa = PBXNativeTarget;
			buildConfigurationList = 64EC80751B722D2E00C15EFE /* Build configuration list for PBXNativeTarget "μZX" */;
			buildPhases = (
				64EC804E1B722D2E00C15EFE /* Sources */,
				64EC804F1B722D2E00C15EFE /* Frameworks */,
				64EC80501B722D2E00C15EFE /* Resources */,
			);
			buildRules = (
			);
			dependencies = (
			);
			name = "μZX";
			productName = "μZX";
			productReference = 64EC80521B722D2E00C15EFE /* μZX.app */;
			productType = "com.apple.product-type.application";
		};
/* End PBXNativeTarget section */

/* Begin PBXProject section */
		64EC804A1B722D2D00C15EFE /* Project object */ = {
			isa = PBXProject;
			attributes = {
				LastUpgradeCheck = 0630;
				ORGANIZATIONNAME = "Manuel Sainz de Baranda y Goñi";
				TargetAttributes = {
					64EC80511B722D2E00C15EFE = {
						CreatedOnToolsVersion = 6.3.2;
					};
				};
			};
			buildConfigurationList = 64EC804D1B722D2D00C15EFE /* Build configuration list for PBXProject "μZX (iOS)" */;
			compatibilityVersion = "Xcode 3.2";
			developmentRegion = English;
			hasScannedForEncodings = 0;
			knownRegions = (
				en,
				Base,
			);
			mainGroup = 64EC80491B722D2D00C15EFE;
			productRefGroup = 64EC80531B722D2E00C15EFE /* Products */;
			projectDirPath = "";
			projectRoot = "";
			targets = (
				64EC80511B722D2E00C15EFE /* μZX */,
			);
		};
/* End PBXProject section */

/* Begin PBXResourcesBuildPhase section */
		64EC80501B722D2E00C15EFE /* Resources */ = {
			isa = PBXResourcesBuildPhase;
			buildActionMask = 2147483647;
			files = (
				64421D3D1D38320D003CD4A5 /* MachineView.xib in Resources */,
				64EC80611B722D2E00C15EFE /* Main.storyboard in Resources */,
				6497FBA01B74D180001B0196 /* ROMs in Resources */,
				6497FBA31B74D1CD001B0196 /* SimpleVertex.glsl in Resources */,
				64DEF67E1B794F4E000F4F01 /* Joystick.png in Resources */,
				64EC80661B722D2E00C15EFE /* LaunchScreen.xib in Resources */,
				6497FBA51B74D3F6001B0196 /* SimplePixel.glsl in Resources */,
				64EC80631B722D2E00C15EFE /* Images.xcassets in Resources */,
			);
			runOnlyForDeploymentPostprocessing = 0;
		};
/* End PBXResourcesBuildPhase section */

/* Begin PBXSourcesBuildPhase section */
		64EC804E1B722D2E00C15EFE /* Sources */ = {
			isa = PBXSourcesBuildPhase;
			buildActionMask = 2147483647;
			files = (
				64EC80A41B72497300C15EFE /* Z80.c in Sources */,
				6483DD321D3BB6B500807C53 /* GLFrameBufferRenderer.cpp in Sources */,
				64EC809A1B72491800C15EFE /* SNP.c in Sources */,
				64EC80981B72491800C15EFE /* SIT.c in Sources */,
				64EC80A51B72497300C15EFE /* ZX Spectrum.c in Sources */,
				64EC80951B72491800C15EFE /* FRZ.c in Sources */,
				64421D391D382E55003CD4A5 /* MachineViewController.mm in Sources */,
				64EC80AC1B73AAAF00C15EFE /* JoystickView.m in Sources */,
				64EC809B1B72491800C15EFE /* ZX.c in Sources */,
				64EC80941B72491800C15EFE /* ACH.c in Sources */,
				64EC805E1B722D2E00C15EFE /* MainViewController.mm in Sources */,
				64EC80A81B73AA7F00C15EFE /* TapeRecorderView.m in Sources */,
				649D9A741D3B19C6008720B3 /* GLVideoView.mm in Sources */,
				64EC80991B72491800C15EFE /* SNA.c in Sources */,
				64EC805B1B722D2E00C15EFE /* MainController.m in Sources */,
				64EC80A31B72497300C15EFE /* AY-3-891x.c in Sources */,
				64421D401D384780003CD4A5 /* Machine.cpp in Sources */,
				64EC80931B72491800C15EFE /* 89C.c in Sources */,
				64EC80581B722D2E00C15EFE /* main.m in Sources */,
				6496E71F1D3967BB00835482 /* CoreAudioOutputPlayer.cpp in Sources */,
				64EC80AF1B73AAC300C15EFE /* KeyboardView.m in Sources */,
				64EC80961B72491800C15EFE /* PLUSD.c in Sources */,
				64421D431D38495F003CD4A5 /* system.c in Sources */,
				64EC80971B72491800C15EFE /* PRG.c in Sources */,
				64BFD24C1D41F1D50006FD23 /* Matrix.cpp in Sources */,
				64B7D8A11D4008CC007175DA /* OpenGL.cpp in Sources */,
			);
			runOnlyForDeploymentPostprocessing = 0;
		};
/* End PBXSourcesBuildPhase section */

/* Begin PBXVariantGroup section */
		64EC805F1B722D2E00C15EFE /* Main.storyboard */ = {
			isa = PBXVariantGroup;
			children = (
				64EC80601B722D2E00C15EFE /* Base */,
			);
			name = Main.storyboard;
			sourceTree = "<group>";
		};
		64EC80641B722D2E00C15EFE /* LaunchScreen.xib */ = {
			isa = PBXVariantGroup;
			children = (
				64EC80651B722D2E00C15EFE /* Base */,
			);
			name = LaunchScreen.xib;
			sourceTree = "<group>";
		};
/* End PBXVariantGroup section */

/* Begin XCBuildConfiguration section */
		64EC80731B722D2E00C15EFE /* Debug */ = {
			isa = XCBuildConfiguration;
			buildSettings = {
				ALWAYS_SEARCH_USER_PATHS = NO;
				CLANG_CXX_LANGUAGE_STANDARD = "c++0x";
				CLANG_CXX_LIBRARY = "libc++";
				CLANG_ENABLE_MODULES = YES;
				CLANG_WARN_BOOL_CONVERSION = YES;
				CLANG_WARN_CONSTANT_CONVERSION = YES;
				CLANG_WARN_DIRECT_OBJC_ISA_USAGE = YES_ERROR;
				CLANG_WARN_EMPTY_BODY = YES;
				CLANG_WARN_ENUM_CONVERSION = YES;
				CLANG_WARN_INT_CONVERSION = YES;
				CLANG_WARN_OBJC_ROOT_CLASS = YES_ERROR;
				CLANG_WARN_UNREACHABLE_CODE = YES;
				CLANG_WARN__DUPLICATE_METHOD_MATCH = YES;
				"CODE_SIGN_IDENTITY[sdk=iphoneos*]" = "iPhone Developer";
				COPY_PHASE_STRIP = NO;
				DEBUG_INFORMATION_FORMAT = "dwarf-with-dsym";
				ENABLE_STRICT_OBJC_MSGSEND = YES;
				GCC_C_LANGUAGE_STANDARD = c11;
				GCC_DYNAMIC_NO_PIC = NO;
				GCC_NO_COMMON_BLOCKS = YES;
				GCC_OPTIMIZATION_LEVEL = 0;
				GCC_PREPROCESSOR_DEFINITIONS = (
					"DEBUG=1",
					"$(inherited)",
				);
				GCC_SYMBOLS_PRIVATE_EXTERN = NO;
				GCC_WARN_64_TO_32_BIT_CONVERSION = YES;
				GCC_WARN_ABOUT_RETURN_TYPE = YES_ERROR;
				GCC_WARN_UNDECLARED_SELECTOR = YES;
				GCC_WARN_UNINITIALIZED_AUTOS = YES_AGGRESSIVE;
				GCC_WARN_UNUSED_FUNCTION = YES;
				GCC_WARN_UNUSED_VARIABLE = YES;
				HEADER_SEARCH_PATHS = (
					"$(inherited)",
					/Applications/Xcode.app/Contents/Developer/Toolchains/XcodeDefault.xctoolchain/usr/include,
					../../include,
					"/usr/local/include/C++",
					/usr/local/include,
				);
				IPHONEOS_DEPLOYMENT_TARGET = 7.0;
				MTL_ENABLE_DEBUG_INFO = YES;
				ONLY_ACTIVE_ARCH = YES;
				SDKROOT = iphoneos;
				TARGETED_DEVICE_FAMILY = "1,2";
			};
			name = Debug;
		};
		64EC80741B722D2E00C15EFE /* Release */ = {
			isa = XCBuildConfiguration;
			buildSettings = {
				ALWAYS_SEARCH_USER_PATHS = NO;
				CLANG_CXX_LANGUAGE_STANDARD = "c++0x";
				CLANG_CXX_LIBRARY = "libc++";
				CLANG_ENABLE_MODULES = YES;
				CLANG_WARN_BOOL_CONVERSION = YES;
				CLANG_WARN_CONSTANT_CONVERSION = YES;
				CLANG_WARN_DIRECT_OBJC_ISA_USAGE = YES_ERROR;
				CLANG_WARN_EMPTY_BODY = YES;
				CLANG_WARN_ENUM_CONVERSION = YES;
				CLANG_WARN_INT_CONVERSION = YES;
				CLANG_WARN_OBJC_ROOT_CLASS = YES_ERROR;
				CLANG_WARN_UNREACHABLE_CODE = YES;
				CLANG_WARN__DUPLICATE_METHOD_MATCH = YES;
				"CODE_SIGN_IDENTITY[sdk=iphoneos*]" = "iPhone Developer";
				COPY_PHASE_STRIP = NO;
				DEBUG_INFORMATION_FORMAT = "dwarf-with-dsym";
				ENABLE_NS_ASSERTIONS = NO;
				ENABLE_STRICT_OBJC_MSGSEND = YES;
				GCC_C_LANGUAGE_STANDARD = c11;
				GCC_NO_COMMON_BLOCKS = YES;
				GCC_WARN_64_TO_32_BIT_CONVERSION = YES;
				GCC_WARN_ABOUT_RETURN_TYPE = YES_ERROR;
				GCC_WARN_UNDECLARED_SELECTOR = YES;
				GCC_WARN_UNINITIALIZED_AUTOS = YES_AGGRESSIVE;
				GCC_WARN_UNUSED_FUNCTION = YES;
				GCC_WARN_UNUSED_VARIABLE = YES;
				HEADER_SEARCH_PATHS = (
					"$(inherited)",
					/Applications/Xcode.app/Contents/Developer/Toolchains/XcodeDefault.xctoolchain/usr/include,
					../../include,
					"/usr/local/include/C++",
					/usr/local/include,
				);
				IPHONEOS_DEPLOYMENT_TARGET = 7.0;
				MTL_ENABLE_DEBUG_INFO = NO;
				SDKROOT = iphoneos;
				TARGETED_DEVICE_FAMILY = "1,2";
				VALIDATE_PRODUCT = YES;
			};
			name = Release;
		};
		64EC80761B722D2E00C15EFE /* Debug */ = {
			isa = XCBuildConfiguration;
			buildSettings = {
				ASSETCATALOG_COMPILER_APPICON_NAME = AppIcon;
				GCC_PREFIX_HEADER = ../../sources/iOS/Prefix.pch;
				INFOPLIST_FILE = "../../resources/iOS/property lists/Info.plist";
				LD_RUNPATH_SEARCH_PATHS = "$(inherited) @executable_path/Frameworks";
				PRODUCT_NAME = "$(TARGET_NAME)";
			};
			name = Debug;
		};
		64EC80771B722D2E00C15EFE /* Release */ = {
			isa = XCBuildConfiguration;
			buildSettings = {
				ASSETCATALOG_COMPILER_APPICON_NAME = AppIcon;
				GCC_PREFIX_HEADER = ../../sources/iOS/Prefix.pch;
				INFOPLIST_FILE = "../../resources/iOS/property lists/Info.plist";
				LD_RUNPATH_SEARCH_PATHS = "$(inherited) @executable_path/Frameworks";
				PRODUCT_NAME = "$(TARGET_NAME)";
			};
			name = Release;
		};
/* End XCBuildConfiguration section */

/* Begin XCConfigurationList section */
		64EC804D1B722D2D00C15EFE /* Build configuration list for PBXProject "μZX (iOS)" */ = {
			isa = XCConfigurationList;
			buildConfigurations = (
				64EC80731B722D2E00C15EFE /* Debug */,
				64EC80741B722D2E00C15EFE /* Release */,
			);
			defaultConfigurationIsVisible = 0;
			defaultConfigurationName = Release;
		};
		64EC80751B722D2E00C15EFE /* Build configuration list for PBXNativeTarget "μZX" */ = {
			isa = XCConfigurationList;
			buildConfigurations = (
				64EC80761B722D2E00C15EFE /* Debug */,
				64EC80771B722D2E00C15EFE /* Release */,
			);
			defaultConfigurationIsVisible = 0;
			defaultConfigurationName = Release;
		};
/* End XCConfigurationList section */
	};
	rootObject = 64EC804A1B722D2D00C15EFE /* Project object */;
}
