// !$*UTF8*$!
{
	archiveVersion = 1;
	classes = {
	};
	objectVersion = 46;
	objects = {

/* Begin PBXBuildFile section */
		645DAEA61B3B2C5400C9AB10 /* system.c in Sources */ = {isa = PBXBuildFile; fileRef = 645DAEA51B3B2C5400C9AB10 /* system.c */; };
		645DAEA91B3C750C00C9AB10 /* Machine.cpp in Sources */ = {isa = PBXBuildFile; fileRef = 645DAEA11B3B213D00C9AB10 /* Machine.cpp */; };
		64BB31211B3D248700AE1D99 /* MachineWindowController.mm in Sources */ = {isa = PBXBuildFile; fileRef = 64BB31201B3D248700AE1D99 /* MachineWindowController.mm */; };
		64DEF6811B797EF4000F4F01 /* KeyboardWindowController.m in Sources */ = {isa = PBXBuildFile; fileRef = 64DEF6801B797EF4000F4F01 /* KeyboardWindowController.m */; };
		64DEF6841B7A44C3000F4F01 /* Tape Recorder Button.png in Resources */ = {isa = PBXBuildFile; fileRef = 64DEF6831B7A44C3000F4F01 /* Tape Recorder Button.png */; };
		64DEF6861B7A47D1000F4F01 /* Tape Recorder Record Button.png in Resources */ = {isa = PBXBuildFile; fileRef = 64DEF6851B7A47D1000F4F01 /* Tape Recorder Record Button.png */; };
		64DEF68A1B7A4B3D000F4F01 /* Tape Recorder Record Button - Pressed.png in Resources */ = {isa = PBXBuildFile; fileRef = 64DEF6891B7A4B3D000F4F01 /* Tape Recorder Record Button - Pressed.png */; };
		64DEF68C1B7A4C83000F4F01 /* Tape Recorder Button - Pressed.png in Resources */ = {isa = PBXBuildFile; fileRef = 64DEF68B1B7A4C83000F4F01 /* Tape Recorder Button - Pressed.png */; };
		64DEF6901B7A4EFD000F4F01 /* Tape Recorder Button Separator.png in Resources */ = {isa = PBXBuildFile; fileRef = 64DEF68F1B7A4EFD000F4F01 /* Tape Recorder Button Separator.png */; };
		64F5DDAA1A28E03C00D29077 /* Images.xcassets in Resources */ = {isa = PBXBuildFile; fileRef = 64F5DDA91A28E03C00D29077 /* Images.xcassets */; };
		64F5DE0B1A28E83A00D29077 /* GLOutput.cpp in Sources */ = {isa = PBXBuildFile; fileRef = 64F5DE061A28E83A00D29077 /* GLOutput.cpp */; };
		64F5DE0C1A28E83A00D29077 /* GLOutputShader.c in Sources */ = {isa = PBXBuildFile; fileRef = 64F5DE071A28E83A00D29077 /* GLOutputShader.c */; };
		64F5DE0E1A28E84B00D29077 /* OpenGL.framework in Frameworks */ = {isa = PBXBuildFile; fileRef = 64F5DE0D1A28E84B00D29077 /* OpenGL.framework */; };
		64F5DE101A28E89800D29077 /* AudioToolbox.framework in Frameworks */ = {isa = PBXBuildFile; fileRef = 64F5DE0F1A28E89800D29077 /* AudioToolbox.framework */; };
		64F5DE121A28E89F00D29077 /* AudioUnit.framework in Frameworks */ = {isa = PBXBuildFile; fileRef = 64F5DE111A28E89F00D29077 /* AudioUnit.framework */; };
		64F5DE141A28E8C200D29077 /* CoreAudio.framework in Frameworks */ = {isa = PBXBuildFile; fileRef = 64F5DE131A28E8C200D29077 /* CoreAudio.framework */; };
		64F5DE171A28E90F00D29077 /* QuartzCore.framework in Frameworks */ = {isa = PBXBuildFile; fileRef = 64F5DE161A28E90F00D29077 /* QuartzCore.framework */; };
		64F5DE1E1A28E93600D29077 /* mZX.xib in Resources */ = {isa = PBXBuildFile; fileRef = 64F5DE181A28E93600D29077 /* mZX.xib */; };
		64F5DE1F1A28E93600D29077 /* TapeRecorderWindow.xib in Resources */ = {isa = PBXBuildFile; fileRef = 64F5DE191A28E93600D29077 /* TapeRecorderWindow.xib */; };
		64F5DE201A28E93600D29077 /* MachineWindow.xib in Resources */ = {isa = PBXBuildFile; fileRef = 64F5DE1A1A28E93600D29077 /* MachineWindow.xib */; };
		64F5DE211A28E93600D29077 /* Title Sheet.xib in Resources */ = {isa = PBXBuildFile; fileRef = 64F5DE1B1A28E93600D29077 /* Title Sheet.xib */; };
		64F5DE221A28E93600D29077 /* PreferencesWindow.xib in Resources */ = {isa = PBXBuildFile; fileRef = 64F5DE1C1A28E93600D29077 /* PreferencesWindow.xib */; };
		64F5DE231A28E93600D29077 /* Z80 Debugger.xib in Resources */ = {isa = PBXBuildFile; fileRef = 64F5DE1D1A28E93600D29077 /* Z80 Debugger.xib */; };
		64F5DE2D1A28E99000D29077 /* NSWindow+RedCode.m in Sources */ = {isa = PBXBuildFile; fileRef = 64F5DE261A28E99000D29077 /* NSWindow+RedCode.m */; };
		64F5DE2E1A28E99000D29077 /* NSView+RedCode.m in Sources */ = {isa = PBXBuildFile; fileRef = 64F5DE281A28E99000D29077 /* NSView+RedCode.m */; };
		64F5DE481A28E9B100D29077 /* main.m in Sources */ = {isa = PBXBuildFile; fileRef = 64F5DE331A28E9B100D29077 /* main.m */; };
		64F5DE491A28E9B100D29077 /* MainController.mm in Sources */ = {isa = PBXBuildFile; fileRef = 64F5DE351A28E9B100D29077 /* MainController.mm */; };
		64F5DE4B1A28E9B100D29077 /* TapeRecorderWindowController.m in Sources */ = {isa = PBXBuildFile; fileRef = 64F5DE391A28E9B100D29077 /* TapeRecorderWindowController.m */; };
		64F5DE4C1A28E9B100D29077 /* PreferencesWindowController.m in Sources */ = {isa = PBXBuildFile; fileRef = 64F5DE3B1A28E9B100D29077 /* PreferencesWindowController.m */; };
		64F5DE4E1A28E9B100D29077 /* GLOutputView.mm in Sources */ = {isa = PBXBuildFile; fileRef = 64F5DE3F1A28E9B100D29077 /* GLOutputView.mm */; };
		64F5DE4F1A28E9B100D29077 /* CoreAudioOutput.m in Sources */ = {isa = PBXBuildFile; fileRef = 64F5DE411A28E9B100D29077 /* CoreAudioOutput.m */; };
		64F5DE511A28E9B100D29077 /* TapeRecorderWindow.m in Sources */ = {isa = PBXBuildFile; fileRef = 64F5DE451A28E9B100D29077 /* TapeRecorderWindow.m */; };
		64F5DE521A28E9B100D29077 /* Window.m in Sources */ = {isa = PBXBuildFile; fileRef = 64F5DE471A28E9B100D29077 /* Window.m */; };
		64F5DE621A28EA5100D29077 /* 89C.c in Sources */ = {isa = PBXBuildFile; fileRef = 64F5DE581A28EA5100D29077 /* 89C.c */; };
		64F5DE631A28EA5100D29077 /* FRZ.c in Sources */ = {isa = PBXBuildFile; fileRef = 64F5DE591A28EA5100D29077 /* FRZ.c */; };
		64F5DE641A28EA5100D29077 /* PLUSD.c in Sources */ = {isa = PBXBuildFile; fileRef = 64F5DE5A1A28EA5100D29077 /* PLUSD.c */; };
		64F5DE651A28EA5100D29077 /* SNA.c in Sources */ = {isa = PBXBuildFile; fileRef = 64F5DE5B1A28EA5100D29077 /* SNA.c */; };
		64F5DE661A28EA5100D29077 /* ACH.c in Sources */ = {isa = PBXBuildFile; fileRef = 64F5DE5D1A28EA5100D29077 /* ACH.c */; };
		64F5DE671A28EA5100D29077 /* SIT.c in Sources */ = {isa = PBXBuildFile; fileRef = 64F5DE5E1A28EA5100D29077 /* SIT.c */; };
		64F5DE681A28EA5100D29077 /* SNP.c in Sources */ = {isa = PBXBuildFile; fileRef = 64F5DE5F1A28EA5100D29077 /* SNP.c */; };
		64F5DE691A28EA5100D29077 /* ZX.c in Sources */ = {isa = PBXBuildFile; fileRef = 64F5DE601A28EA5100D29077 /* ZX.c */; };
		64F5DE6A1A28EA5100D29077 /* PRG.c in Sources */ = {isa = PBXBuildFile; fileRef = 64F5DE611A28EA5100D29077 /* PRG.c */; };
		64F5DE711A28EA5F00D29077 /* Z80.c in Sources */ = {isa = PBXBuildFile; fileRef = 64F5DE6B1A28EA5F00D29077 /* Z80.c */; settings = {COMPILER_FLAGS = "-DEMULATION_CPU_Z80_NO_SLOTS"; }; };
		64F5DE721A28EA5F00D29077 /* ZX Spectrum.c in Sources */ = {isa = PBXBuildFile; fileRef = 64F5DE6D1A28EA5F00D29077 /* ZX Spectrum.c */; settings = {COMPILER_FLAGS = "-DEMULATION_CPU_Z80_NO_SLOTS"; }; };
		64F5DE731A28EA5F00D29077 /* AY-3-891x.c in Sources */ = {isa = PBXBuildFile; fileRef = 64F5DE6F1A28EA5F00D29077 /* AY-3-891x.c */; };
		64F5DE771A28EB2600D29077 /* Keyboard.pdf in Resources */ = {isa = PBXBuildFile; fileRef = 64F5DE741A28EB2600D29077 /* Keyboard.pdf */; };
		64F5DE781A28EB2600D29077 /* Debugger.pdf in Resources */ = {isa = PBXBuildFile; fileRef = 64F5DE751A28EB2600D29077 /* Debugger.pdf */; };
		64F5DE791A28EB2600D29077 /* Tape.pdf in Resources */ = {isa = PBXBuildFile; fileRef = 64F5DE761A28EB2600D29077 /* Tape.pdf */; };
		64F5DE7C1A28EB3900D29077 /* SABR.fsh in Resources */ = {isa = PBXBuildFile; fileRef = 64F5DE7A1A28EB3900D29077 /* SABR.fsh */; };
		64F5DE7D1A28EB3900D29077 /* SABR.vsh in Resources */ = {isa = PBXBuildFile; fileRef = 64F5DE7B1A28EB3900D29077 /* SABR.vsh */; };
		64F5DEB41A28EB6600D29077 /* ROMs in Resources */ = {isa = PBXBuildFile; fileRef = 64F5DEB31A28EB6600D29077 /* ROMs */; };
		64F5DEB61A28EC5200D29077 /* OpenAL.framework in Frameworks */ = {isa = PBXBuildFile; fileRef = 64F5DEB51A28EC5200D29077 /* OpenAL.framework */; };
/* End PBXBuildFile section */

/* Begin PBXFileReference section */
		645DAEA11B3B213D00C9AB10 /* Machine.cpp */ = {isa = PBXFileReference; fileEncoding = 4; lastKnownFileType = sourcecode.cpp.cpp; path = Machine.cpp; sourceTree = "<group>"; };
		645DAEA21B3B213D00C9AB10 /* Machine.hpp */ = {isa = PBXFileReference; fileEncoding = 4; lastKnownFileType = sourcecode.cpp.h; path = Machine.hpp; sourceTree = "<group>"; };
		645DAEA41B3B2C5400C9AB10 /* system.h */ = {isa = PBXFileReference; fileEncoding = 4; lastKnownFileType = sourcecode.c.h; path = system.h; sourceTree = "<group>"; };
		645DAEA51B3B2C5400C9AB10 /* system.c */ = {isa = PBXFileReference; fileEncoding = 4; lastKnownFileType = sourcecode.c.c; path = system.c; sourceTree = "<group>"; };
		64BB311F1B3D248700AE1D99 /* KeyCodes.h */ = {isa = PBXFileReference; fileEncoding = 4; lastKnownFileType = sourcecode.c.h; path = KeyCodes.h; sourceTree = "<group>"; };
		64BB31201B3D248700AE1D99 /* MachineWindowController.mm */ = {isa = PBXFileReference; fileEncoding = 4; lastKnownFileType = sourcecode.cpp.objcpp; path = MachineWindowController.mm; sourceTree = "<group>"; };
		64DEF67F1B797EF4000F4F01 /* KeyboardWindowController.h */ = {isa = PBXFileReference; fileEncoding = 4; lastKnownFileType = sourcecode.c.h; path = KeyboardWindowController.h; sourceTree = "<group>"; };
		64DEF6801B797EF4000F4F01 /* KeyboardWindowController.m */ = {isa = PBXFileReference; fileEncoding = 4; lastKnownFileType = sourcecode.c.objc; path = KeyboardWindowController.m; sourceTree = "<group>"; };
		64DEF6831B7A44C3000F4F01 /* Tape Recorder Button.png */ = {isa = PBXFileReference; lastKnownFileType = image.png; path = "Tape Recorder Button.png"; sourceTree = "<group>"; };
		64DEF6851B7A47D1000F4F01 /* Tape Recorder Record Button.png */ = {isa = PBXFileReference; lastKnownFileType = image.png; path = "Tape Recorder Record Button.png"; sourceTree = "<group>"; };
		64DEF6891B7A4B3D000F4F01 /* Tape Recorder Record Button - Pressed.png */ = {isa = PBXFileReference; lastKnownFileType = image.png; path = "Tape Recorder Record Button - Pressed.png"; sourceTree = "<group>"; };
		64DEF68B1B7A4C83000F4F01 /* Tape Recorder Button - Pressed.png */ = {isa = PBXFileReference; lastKnownFileType = image.png; path = "Tape Recorder Button - Pressed.png"; sourceTree = "<group>"; };
		64DEF68F1B7A4EFD000F4F01 /* Tape Recorder Button Separator.png */ = {isa = PBXFileReference; lastKnownFileType = image.png; path = "Tape Recorder Button Separator.png"; sourceTree = "<group>"; };
		64F5DD9F1A28E03C00D29077 /* μZX.app */ = {isa = PBXFileReference; explicitFileType = wrapper.application; includeInIndex = 0; path = "μZX.app"; sourceTree = BUILT_PRODUCTS_DIR; };
		64F5DDA31A28E03C00D29077 /* Info.plist */ = {isa = PBXFileReference; lastKnownFileType = text.plist.xml; path = Info.plist; sourceTree = "<group>"; };
		64F5DDA91A28E03C00D29077 /* Images.xcassets */ = {isa = PBXFileReference; lastKnownFileType = folder.assetcatalog; path = Images.xcassets; sourceTree = "<group>"; };
		64F5DDFC1A28E83A00D29077 /* MachineABI.h */ = {isa = PBXFileReference; fileEncoding = 4; lastKnownFileType = sourcecode.c.h; path = MachineABI.h; sourceTree = "<group>"; };
		64F5DDFE1A28E83A00D29077 /* OpenGL.h */ = {isa = PBXFileReference; fileEncoding = 4; lastKnownFileType = sourcecode.c.h; path = OpenGL.h; sourceTree = "<group>"; };
		64F5DE051A28E83A00D29077 /* GLOutput.hpp */ = {isa = PBXFileReference; fileEncoding = 4; lastKnownFileType = sourcecode.cpp.h; path = GLOutput.hpp; sourceTree = "<group>"; };
		64F5DE061A28E83A00D29077 /* GLOutput.cpp */ = {isa = PBXFileReference; fileEncoding = 4; lastKnownFileType = sourcecode.cpp.cpp; path = GLOutput.cpp; sourceTree = "<group>"; };
		64F5DE071A28E83A00D29077 /* GLOutputShader.c */ = {isa = PBXFileReference; fileEncoding = 4; lastKnownFileType = sourcecode.c.c; path = GLOutputShader.c; sourceTree = "<group>"; };
		64F5DE0D1A28E84B00D29077 /* OpenGL.framework */ = {isa = PBXFileReference; lastKnownFileType = wrapper.framework; name = OpenGL.framework; path = System/Library/Frameworks/OpenGL.framework; sourceTree = SDKROOT; };
		64F5DE0F1A28E89800D29077 /* AudioToolbox.framework */ = {isa = PBXFileReference; lastKnownFileType = wrapper.framework; name = AudioToolbox.framework; path = System/Library/Frameworks/AudioToolbox.framework; sourceTree = SDKROOT; };
		64F5DE111A28E89F00D29077 /* AudioUnit.framework */ = {isa = PBXFileReference; lastKnownFileType = wrapper.framework; name = AudioUnit.framework; path = System/Library/Frameworks/AudioUnit.framework; sourceTree = SDKROOT; };
		64F5DE131A28E8C200D29077 /* CoreAudio.framework */ = {isa = PBXFileReference; lastKnownFileType = wrapper.framework; name = CoreAudio.framework; path = System/Library/Frameworks/CoreAudio.framework; sourceTree = SDKROOT; };
		64F5DE161A28E90F00D29077 /* QuartzCore.framework */ = {isa = PBXFileReference; lastKnownFileType = wrapper.framework; name = QuartzCore.framework; path = System/Library/Frameworks/QuartzCore.framework; sourceTree = SDKROOT; };
		64F5DE181A28E93600D29077 /* mZX.xib */ = {isa = PBXFileReference; fileEncoding = 4; lastKnownFileType = file.xib; path = mZX.xib; sourceTree = "<group>"; };
		64F5DE191A28E93600D29077 /* TapeRecorderWindow.xib */ = {isa = PBXFileReference; fileEncoding = 4; lastKnownFileType = file.xib; path = TapeRecorderWindow.xib; sourceTree = "<group>"; };
		64F5DE1A1A28E93600D29077 /* MachineWindow.xib */ = {isa = PBXFileReference; fileEncoding = 4; lastKnownFileType = file.xib; path = MachineWindow.xib; sourceTree = "<group>"; };
		64F5DE1B1A28E93600D29077 /* Title Sheet.xib */ = {isa = PBXFileReference; fileEncoding = 4; lastKnownFileType = file.xib; path = "Title Sheet.xib"; sourceTree = "<group>"; };
		64F5DE1C1A28E93600D29077 /* PreferencesWindow.xib */ = {isa = PBXFileReference; fileEncoding = 4; lastKnownFileType = file.xib; path = PreferencesWindow.xib; sourceTree = "<group>"; };
		64F5DE1D1A28E93600D29077 /* Z80 Debugger.xib */ = {isa = PBXFileReference; fileEncoding = 4; lastKnownFileType = file.xib; path = "Z80 Debugger.xib"; sourceTree = "<group>"; };
		64F5DE251A28E99000D29077 /* NSWindow+RedCode.h */ = {isa = PBXFileReference; fileEncoding = 4; lastKnownFileType = sourcecode.c.h; path = "NSWindow+RedCode.h"; sourceTree = "<group>"; };
		64F5DE261A28E99000D29077 /* NSWindow+RedCode.m */ = {isa = PBXFileReference; fileEncoding = 4; lastKnownFileType = sourcecode.c.objc; path = "NSWindow+RedCode.m"; sourceTree = "<group>"; };
		64F5DE271A28E99000D29077 /* NSView+RedCode.h */ = {isa = PBXFileReference; fileEncoding = 4; lastKnownFileType = sourcecode.c.h; path = "NSView+RedCode.h"; sourceTree = "<group>"; };
		64F5DE281A28E99000D29077 /* NSView+RedCode.m */ = {isa = PBXFileReference; fileEncoding = 4; lastKnownFileType = sourcecode.c.objc; path = "NSView+RedCode.m"; sourceTree = "<group>"; };
		64F5DE311A28E9B100D29077 /* Prefix.pch */ = {isa = PBXFileReference; fileEncoding = 4; lastKnownFileType = sourcecode.c.h; path = Prefix.pch; sourceTree = "<group>"; };
		64F5DE331A28E9B100D29077 /* main.m */ = {isa = PBXFileReference; fileEncoding = 4; lastKnownFileType = sourcecode.c.objc; path = main.m; sourceTree = "<group>"; };
		64F5DE341A28E9B100D29077 /* MainController.h */ = {isa = PBXFileReference; fileEncoding = 4; lastKnownFileType = sourcecode.c.h; path = MainController.h; sourceTree = "<group>"; };
		64F5DE351A28E9B100D29077 /* MainController.mm */ = {isa = PBXFileReference; fileEncoding = 4; lastKnownFileType = sourcecode.cpp.objcpp; path = MainController.mm; sourceTree = "<group>"; };
		64F5DE361A28E9B100D29077 /* MachineWindowController.h */ = {isa = PBXFileReference; fileEncoding = 4; lastKnownFileType = sourcecode.c.h; path = MachineWindowController.h; sourceTree = "<group>"; };
		64F5DE381A28E9B100D29077 /* TapeRecorderWindowController.h */ = {isa = PBXFileReference; fileEncoding = 4; lastKnownFileType = sourcecode.c.h; path = TapeRecorderWindowController.h; sourceTree = "<group>"; };
		64F5DE391A28E9B100D29077 /* TapeRecorderWindowController.m */ = {isa = PBXFileReference; fileEncoding = 4; lastKnownFileType = sourcecode.c.objc; path = TapeRecorderWindowController.m; sourceTree = "<group>"; };
		64F5DE3A1A28E9B100D29077 /* PreferencesWindowController.h */ = {isa = PBXFileReference; fileEncoding = 4; lastKnownFileType = sourcecode.c.h; path = PreferencesWindowController.h; sourceTree = "<group>"; };
		64F5DE3B1A28E9B100D29077 /* PreferencesWindowController.m */ = {isa = PBXFileReference; fileEncoding = 4; lastKnownFileType = sourcecode.c.objc; path = PreferencesWindowController.m; sourceTree = "<group>"; };
		64F5DE3E1A28E9B100D29077 /* GLOutputView.h */ = {isa = PBXFileReference; fileEncoding = 4; lastKnownFileType = sourcecode.c.h; path = GLOutputView.h; sourceTree = "<group>"; };
		64F5DE3F1A28E9B100D29077 /* GLOutputView.mm */ = {isa = PBXFileReference; fileEncoding = 4; lastKnownFileType = sourcecode.cpp.objcpp; path = GLOutputView.mm; sourceTree = "<group>"; };
		64F5DE401A28E9B100D29077 /* CoreAudioOutput.h */ = {isa = PBXFileReference; fileEncoding = 4; lastKnownFileType = sourcecode.c.h; path = CoreAudioOutput.h; sourceTree = "<group>"; };
		64F5DE411A28E9B100D29077 /* CoreAudioOutput.m */ = {isa = PBXFileReference; fileEncoding = 4; lastKnownFileType = sourcecode.c.objc; path = CoreAudioOutput.m; sourceTree = "<group>"; };
		64F5DE441A28E9B100D29077 /* TapeRecorderWindow.h */ = {isa = PBXFileReference; fileEncoding = 4; lastKnownFileType = sourcecode.c.h; path = TapeRecorderWindow.h; sourceTree = "<group>"; };
		64F5DE451A28E9B100D29077 /* TapeRecorderWindow.m */ = {isa = PBXFileReference; fileEncoding = 4; lastKnownFileType = sourcecode.c.objc; path = TapeRecorderWindow.m; sourceTree = "<group>"; };
		64F5DE461A28E9B100D29077 /* Window.h */ = {isa = PBXFileReference; fileEncoding = 4; lastKnownFileType = sourcecode.c.h; path = Window.h; sourceTree = "<group>"; };
		64F5DE471A28E9B100D29077 /* Window.m */ = {isa = PBXFileReference; fileEncoding = 4; lastKnownFileType = sourcecode.c.objc; path = Window.m; sourceTree = "<group>"; };
		64F5DE581A28EA5100D29077 /* 89C.c */ = {isa = PBXFileReference; fileEncoding = 4; lastKnownFileType = sourcecode.c.c; path = 89C.c; sourceTree = "<group>"; };
		64F5DE591A28EA5100D29077 /* FRZ.c */ = {isa = PBXFileReference; fileEncoding = 4; lastKnownFileType = sourcecode.c.c; path = FRZ.c; sourceTree = "<group>"; };
		64F5DE5A1A28EA5100D29077 /* PLUSD.c */ = {isa = PBXFileReference; fileEncoding = 4; lastKnownFileType = sourcecode.c.c; path = PLUSD.c; sourceTree = "<group>"; };
		64F5DE5B1A28EA5100D29077 /* SNA.c */ = {isa = PBXFileReference; fileEncoding = 4; lastKnownFileType = sourcecode.c.c; path = SNA.c; sourceTree = "<group>"; };
		64F5DE5C1A28EA5100D29077 /* SNA.h */ = {isa = PBXFileReference; fileEncoding = 4; lastKnownFileType = sourcecode.c.h; path = SNA.h; sourceTree = "<group>"; };
		64F5DE5D1A28EA5100D29077 /* ACH.c */ = {isa = PBXFileReference; fileEncoding = 4; lastKnownFileType = sourcecode.c.c; path = ACH.c; sourceTree = "<group>"; };
		64F5DE5E1A28EA5100D29077 /* SIT.c */ = {isa = PBXFileReference; fileEncoding = 4; lastKnownFileType = sourcecode.c.c; path = SIT.c; sourceTree = "<group>"; };
		64F5DE5F1A28EA5100D29077 /* SNP.c */ = {isa = PBXFileReference; fileEncoding = 4; lastKnownFileType = sourcecode.c.c; path = SNP.c; sourceTree = "<group>"; };
		64F5DE601A28EA5100D29077 /* ZX.c */ = {isa = PBXFileReference; fileEncoding = 4; lastKnownFileType = sourcecode.c.c; path = ZX.c; sourceTree = "<group>"; };
		64F5DE611A28EA5100D29077 /* PRG.c */ = {isa = PBXFileReference; fileEncoding = 4; lastKnownFileType = sourcecode.c.c; path = PRG.c; sourceTree = "<group>"; };
		64F5DE6B1A28EA5F00D29077 /* Z80.c */ = {isa = PBXFileReference; fileEncoding = 4; lastKnownFileType = sourcecode.c.c; path = Z80.c; sourceTree = "<group>"; };
		64F5DE6C1A28EA5F00D29077 /* Z80.h */ = {isa = PBXFileReference; fileEncoding = 4; lastKnownFileType = sourcecode.c.h; path = Z80.h; sourceTree = "<group>"; };
		64F5DE6D1A28EA5F00D29077 /* ZX Spectrum.c */ = {isa = PBXFileReference; fileEncoding = 4; lastKnownFileType = sourcecode.c.c; path = "ZX Spectrum.c"; sourceTree = "<group>"; };
		64F5DE6E1A28EA5F00D29077 /* ZX Spectrum.h */ = {isa = PBXFileReference; fileEncoding = 4; lastKnownFileType = sourcecode.c.h; path = "ZX Spectrum.h"; sourceTree = "<group>"; };
		64F5DE6F1A28EA5F00D29077 /* AY-3-891x.c */ = {isa = PBXFileReference; fileEncoding = 4; lastKnownFileType = sourcecode.c.c; path = "AY-3-891x.c"; sourceTree = "<group>"; };
		64F5DE701A28EA5F00D29077 /* AY-3-891x.h */ = {isa = PBXFileReference; fileEncoding = 4; lastKnownFileType = sourcecode.c.h; path = "AY-3-891x.h"; sourceTree = "<group>"; };
		64F5DE741A28EB2600D29077 /* Keyboard.pdf */ = {isa = PBXFileReference; lastKnownFileType = image.pdf; path = Keyboard.pdf; sourceTree = "<group>"; };
		64F5DE751A28EB2600D29077 /* Debugger.pdf */ = {isa = PBXFileReference; lastKnownFileType = image.pdf; path = Debugger.pdf; sourceTree = "<group>"; };
		64F5DE761A28EB2600D29077 /* Tape.pdf */ = {isa = PBXFileReference; lastKnownFileType = image.pdf; path = Tape.pdf; sourceTree = "<group>"; };
		64F5DE7A1A28EB3900D29077 /* SABR.fsh */ = {isa = PBXFileReference; fileEncoding = 4; lastKnownFileType = sourcecode.glsl; path = SABR.fsh; sourceTree = "<group>"; };
		64F5DE7B1A28EB3900D29077 /* SABR.vsh */ = {isa = PBXFileReference; fileEncoding = 4; lastKnownFileType = sourcecode.glsl; path = SABR.vsh; sourceTree = "<group>"; };
		64F5DEB31A28EB6600D29077 /* ROMs */ = {isa = PBXFileReference; lastKnownFileType = folder; path = ROMs; sourceTree = "<group>"; };
		64F5DEB51A28EC5200D29077 /* OpenAL.framework */ = {isa = PBXFileReference; lastKnownFileType = wrapper.framework; name = OpenAL.framework; path = System/Library/Frameworks/OpenAL.framework; sourceTree = SDKROOT; };
/* End PBXFileReference section */

/* Begin PBXFrameworksBuildPhase section */
		64F5DD9C1A28E03C00D29077 /* Frameworks */ = {
			isa = PBXFrameworksBuildPhase;
			buildActionMask = 2147483647;
			files = (
				64F5DEB61A28EC5200D29077 /* OpenAL.framework in Frameworks */,
				64F5DE171A28E90F00D29077 /* QuartzCore.framework in Frameworks */,
				64F5DE141A28E8C200D29077 /* CoreAudio.framework in Frameworks */,
				64F5DE121A28E89F00D29077 /* AudioUnit.framework in Frameworks */,
				64F5DE101A28E89800D29077 /* AudioToolbox.framework in Frameworks */,
				64F5DE0E1A28E84B00D29077 /* OpenGL.framework in Frameworks */,
			);
			runOnlyForDeploymentPostprocessing = 0;
		};
/* End PBXFrameworksBuildPhase section */

/* Begin PBXGroup section */
		6497FB9E1B74D157001B0196 /* shaders */ = {
			isa = PBXGroup;
			children = (
				64F5DE7A1A28EB3900D29077 /* SABR.fsh */,
				64F5DE7B1A28EB3900D29077 /* SABR.vsh */,
			);
			path = shaders;
			sourceTree = "<group>";
		};
		64DEF6821B7A449E000F4F01 /* Images */ = {
			isa = PBXGroup;
			children = (
				64DEF6851B7A47D1000F4F01 /* Tape Recorder Record Button.png */,
				64DEF6891B7A4B3D000F4F01 /* Tape Recorder Record Button - Pressed.png */,
				64DEF6831B7A44C3000F4F01 /* Tape Recorder Button.png */,
				64DEF68B1B7A4C83000F4F01 /* Tape Recorder Button - Pressed.png */,
				64DEF68F1B7A4EFD000F4F01 /* Tape Recorder Button Separator.png */,
			);
			name = Images;
			path = images;
			sourceTree = "<group>";
		};
		64F5DD961A28E03C00D29077 = {
			isa = PBXGroup;
			children = (
				64F5DDEE1A28E54B00D29077 /* Sources */,
				64F5DDA11A28E03C00D29077 /* Resources */,
				64F5DE151A28E8D400D29077 /* Frameworks */,
				64F5DDA01A28E03C00D29077 /* Products */,
			);
			sourceTree = "<group>";
		};
		64F5DDA01A28E03C00D29077 /* Products */ = {
			isa = PBXGroup;
			children = (
				64F5DD9F1A28E03C00D29077 /* μZX.app */,
			);
			name = Products;
			sourceTree = "<group>";
		};
		64F5DDA11A28E03C00D29077 /* Resources */ = {
			isa = PBXGroup;
			children = (
				64F5DDF61A28E69900D29077 /* Common */,
				64F5DDF51A28E68E00D29077 /* OS X */,
			);
			name = Resources;
			path = ../../resources;
			sourceTree = "<group>";
		};
		64F5DDEE1A28E54B00D29077 /* Sources */ = {
			isa = PBXGroup;
			children = (
				64F5DDF31A28E5EC00D29077 /* Common */,
				64F5DDF41A28E5F200D29077 /* OS X */,
			);
			name = Sources;
			path = ../../sources;
			sourceTree = "<group>";
		};
		64F5DDEF1A28E56100D29077 /* Property Lists */ = {
			isa = PBXGroup;
			children = (
				64F5DDA31A28E03C00D29077 /* Info.plist */,
			);
			name = "Property Lists";
			path = "property lists";
			sourceTree = "<group>";
		};
		64F5DDF01A28E56800D29077 /* Images */ = {
			isa = PBXGroup;
			children = (
				64F5DE741A28EB2600D29077 /* Keyboard.pdf */,
				64F5DE751A28EB2600D29077 /* Debugger.pdf */,
				64F5DE761A28EB2600D29077 /* Tape.pdf */,
				64F5DDA91A28E03C00D29077 /* Images.xcassets */,
			);
			name = Images;
			path = images;
			sourceTree = "<group>";
		};
		64F5DDF11A28E56E00D29077 /* Strings */ = {
			isa = PBXGroup;
			children = (
			);
			name = Strings;
			path = strings;
			sourceTree = "<group>";
		};
		64F5DDF21A28E58D00D29077 /* UI */ = {
			isa = PBXGroup;
			children = (
				64F5DE181A28E93600D29077 /* mZX.xib */,
				64F5DE191A28E93600D29077 /* TapeRecorderWindow.xib */,
				64F5DE1A1A28E93600D29077 /* MachineWindow.xib */,
				64F5DE1B1A28E93600D29077 /* Title Sheet.xib */,
				64F5DE1C1A28E93600D29077 /* PreferencesWindow.xib */,
				64F5DE1D1A28E93600D29077 /* Z80 Debugger.xib */,
			);
			path = UI;
			sourceTree = "<group>";
		};
		64F5DDF31A28E5EC00D29077 /* Common */ = {
			isa = PBXGroup;
			children = (
				64F5DE541A28EA0000D29077 /* Codecs */,
				64F5DE531A28E9F900D29077 /* Emulators */,
				645DAEA41B3B2C5400C9AB10 /* system.h */,
				645DAEA51B3B2C5400C9AB10 /* system.c */,
				64F5DDFE1A28E83A00D29077 /* OpenGL.h */,
				64F5DE051A28E83A00D29077 /* GLOutput.hpp */,
				64F5DE061A28E83A00D29077 /* GLOutput.cpp */,
				64F5DE071A28E83A00D29077 /* GLOutputShader.c */,
				645DAEA21B3B213D00C9AB10 /* Machine.hpp */,
				645DAEA11B3B213D00C9AB10 /* Machine.cpp */,
			);
			name = Common;
			path = common;
			sourceTree = "<group>";
		};
		64F5DDF41A28E5F200D29077 /* OS X */ = {
			isa = PBXGroup;
			children = (
				64F5DE311A28E9B100D29077 /* Prefix.pch */,
				64F5DE331A28E9B100D29077 /* main.m */,
				64F5DE341A28E9B100D29077 /* MainController.h */,
				64F5DE351A28E9B100D29077 /* MainController.mm */,
				64BB311F1B3D248700AE1D99 /* KeyCodes.h */,
				64F5DE361A28E9B100D29077 /* MachineWindowController.h */,
				64BB31201B3D248700AE1D99 /* MachineWindowController.mm */,
				64F5DE3E1A28E9B100D29077 /* GLOutputView.h */,
				64F5DE3F1A28E9B100D29077 /* GLOutputView.mm */,
				64F5DE3A1A28E9B100D29077 /* PreferencesWindowController.h */,
				64F5DE3B1A28E9B100D29077 /* PreferencesWindowController.m */,
				64F5DE401A28E9B100D29077 /* CoreAudioOutput.h */,
				64F5DE411A28E9B100D29077 /* CoreAudioOutput.m */,
				64F5DE381A28E9B100D29077 /* TapeRecorderWindowController.h */,
				64F5DE391A28E9B100D29077 /* TapeRecorderWindowController.m */,
				64F5DE441A28E9B100D29077 /* TapeRecorderWindow.h */,
				64F5DE451A28E9B100D29077 /* TapeRecorderWindow.m */,
				64F5DE461A28E9B100D29077 /* Window.h */,
				64F5DE471A28E9B100D29077 /* Window.m */,
				64DEF67F1B797EF4000F4F01 /* KeyboardWindowController.h */,
				64DEF6801B797EF4000F4F01 /* KeyboardWindowController.m */,
				64F5DE241A28E95900D29077 /* Extensions */,
			);
			path = "OS X";
			sourceTree = "<group>";
		};
		64F5DDF51A28E68E00D29077 /* OS X */ = {
			isa = PBXGroup;
			children = (
				64F5DDF21A28E58D00D29077 /* UI */,
				64F5DDF11A28E56E00D29077 /* Strings */,
				64F5DDF01A28E56800D29077 /* Images */,
				64F5DDEF1A28E56100D29077 /* Property Lists */,
			);
			path = "OS X";
			sourceTree = "<group>";
		};
		64F5DDF61A28E69900D29077 /* Common */ = {
			isa = PBXGroup;
			children = (
				64DEF6821B7A449E000F4F01 /* Images */,
				6497FB9E1B74D157001B0196 /* shaders */,
				64F5DEB31A28EB6600D29077 /* ROMs */,
			);
			name = Common;
			path = common;
			sourceTree = "<group>";
		};
		64F5DE151A28E8D400D29077 /* Frameworks */ = {
			isa = PBXGroup;
			children = (
				64F5DEB51A28EC5200D29077 /* OpenAL.framework */,
				64F5DE161A28E90F00D29077 /* QuartzCore.framework */,
				64F5DE131A28E8C200D29077 /* CoreAudio.framework */,
				64F5DE111A28E89F00D29077 /* AudioUnit.framework */,
				64F5DE0F1A28E89800D29077 /* AudioToolbox.framework */,
				64F5DE0D1A28E84B00D29077 /* OpenGL.framework */,
			);
			name = Frameworks;
			sourceTree = "<group>";
		};
		64F5DE241A28E95900D29077 /* Extensions */ = {
			isa = PBXGroup;
			children = (
				64F5DE251A28E99000D29077 /* NSWindow+RedCode.h */,
				64F5DE261A28E99000D29077 /* NSWindow+RedCode.m */,
				64F5DE271A28E99000D29077 /* NSView+RedCode.h */,
				64F5DE281A28E99000D29077 /* NSView+RedCode.m */,
			);
			name = Extensions;
			path = extensions;
			sourceTree = "<group>";
		};
		64F5DE531A28E9F900D29077 /* Emulators */ = {
			isa = PBXGroup;
			children = (
				64F5DDFC1A28E83A00D29077 /* MachineABI.h */,
				64F5DE6C1A28EA5F00D29077 /* Z80.h */,
				64F5DE6B1A28EA5F00D29077 /* Z80.c */,
				64F5DE6E1A28EA5F00D29077 /* ZX Spectrum.h */,
				64F5DE6D1A28EA5F00D29077 /* ZX Spectrum.c */,
				64F5DE701A28EA5F00D29077 /* AY-3-891x.h */,
				64F5DE6F1A28EA5F00D29077 /* AY-3-891x.c */,
			);
			name = Emulators;
			path = emulators;
			sourceTree = "<group>";
		};
		64F5DE541A28EA0000D29077 /* Codecs */ = {
			isa = PBXGroup;
			children = (
				64F5DE571A28EA1800D29077 /* Floppy Image */,
				64F5DE561A28EA1200D29077 /* Tape Image */,
				64F5DE551A28EA0D00D29077 /* Snapshot */,
			);
			name = Codecs;
			path = codecs;
			sourceTree = "<group>";
		};
		64F5DE551A28EA0D00D29077 /* Snapshot */ = {
			isa = PBXGroup;
			children = (
				64F5DE581A28EA5100D29077 /* 89C.c */,
				64F5DE591A28EA5100D29077 /* FRZ.c */,
				64F5DE5A1A28EA5100D29077 /* PLUSD.c */,
				64F5DE5B1A28EA5100D29077 /* SNA.c */,
				64F5DE5C1A28EA5100D29077 /* SNA.h */,
				64F5DE5D1A28EA5100D29077 /* ACH.c */,
				64F5DE5E1A28EA5100D29077 /* SIT.c */,
				64F5DE5F1A28EA5100D29077 /* SNP.c */,
				64F5DE601A28EA5100D29077 /* ZX.c */,
				64F5DE611A28EA5100D29077 /* PRG.c */,
			);
			name = Snapshot;
			path = snapshot;
			sourceTree = "<group>";
		};
		64F5DE561A28EA1200D29077 /* Tape Image */ = {
			isa = PBXGroup;
			children = (
			);
			name = "Tape Image";
			path = "tape image";
			sourceTree = "<group>";
		};
		64F5DE571A28EA1800D29077 /* Floppy Image */ = {
			isa = PBXGroup;
			children = (
			);
			name = "Floppy Image";
			path = "floppy image";
			sourceTree = "<group>";
		};
/* End PBXGroup section */

/* Begin PBXNativeTarget section */
		64F5DD9E1A28E03C00D29077 /* μZX */ = {
			isa = PBXNativeTarget;
			buildConfigurationList = 64F5DDBC1A28E03C00D29077 /* Build configuration list for PBXNativeTarget "μZX" */;
			buildPhases = (
				64F5DD9B1A28E03C00D29077 /* Sources */,
				64F5DD9C1A28E03C00D29077 /* Frameworks */,
				64F5DDF71A28E75500D29077 /* ShellScript */,
				64F5DD9D1A28E03C00D29077 /* Resources */,
			);
			buildRules = (
			);
			dependencies = (
			);
			name = "μZX";
			productName = "μZX";
			productReference = 64F5DD9F1A28E03C00D29077 /* μZX.app */;
			productType = "com.apple.product-type.application";
		};
/* End PBXNativeTarget section */

/* Begin PBXProject section */
		64F5DD971A28E03C00D29077 /* Project object */ = {
			isa = PBXProject;
			attributes = {
				LastUpgradeCheck = 0610;
				ORGANIZATIONNAME = redcode;
				TargetAttributes = {
					64F5DD9E1A28E03C00D29077 = {
						CreatedOnToolsVersion = 6.1;
					};
				};
			};
			buildConfigurationList = 64F5DD9A1A28E03C00D29077 /* Build configuration list for PBXProject "μZX (OS X)" */;
			compatibilityVersion = "Xcode 3.2";
			developmentRegion = English;
			hasScannedForEncodings = 0;
			knownRegions = (
				en,
				Base,
			);
			mainGroup = 64F5DD961A28E03C00D29077;
			productRefGroup = 64F5DDA01A28E03C00D29077 /* Products */;
			projectDirPath = "";
			projectRoot = "";
			targets = (
				64F5DD9E1A28E03C00D29077 /* μZX */,
			);
		};
/* End PBXProject section */

/* Begin PBXResourcesBuildPhase section */
		64F5DD9D1A28E03C00D29077 /* Resources */ = {
			isa = PBXResourcesBuildPhase;
			buildActionMask = 2147483647;
			files = (
				64DEF68C1B7A4C83000F4F01 /* Tape Recorder Button - Pressed.png in Resources */,
				64F5DE791A28EB2600D29077 /* Tape.pdf in Resources */,
				64F5DE781A28EB2600D29077 /* Debugger.pdf in Resources */,
				64DEF6861B7A47D1000F4F01 /* Tape Recorder Record Button.png in Resources */,
				64F5DE231A28E93600D29077 /* Z80 Debugger.xib in Resources */,
				64F5DE221A28E93600D29077 /* PreferencesWindow.xib in Resources */,
				64F5DE1E1A28E93600D29077 /* mZX.xib in Resources */,
				64F5DE1F1A28E93600D29077 /* TapeRecorderWindow.xib in Resources */,
				64F5DEB41A28EB6600D29077 /* ROMs in Resources */,
				64DEF6901B7A4EFD000F4F01 /* Tape Recorder Button Separator.png in Resources */,
				64F5DE201A28E93600D29077 /* MachineWindow.xib in Resources */,
				64F5DE7D1A28EB3900D29077 /* SABR.vsh in Resources */,
				64DEF6841B7A44C3000F4F01 /* Tape Recorder Button.png in Resources */,
				64DEF68A1B7A4B3D000F4F01 /* Tape Recorder Record Button - Pressed.png in Resources */,
				64F5DE771A28EB2600D29077 /* Keyboard.pdf in Resources */,
				64F5DE211A28E93600D29077 /* Title Sheet.xib in Resources */,
				64F5DDAA1A28E03C00D29077 /* Images.xcassets in Resources */,
				64F5DE7C1A28EB3900D29077 /* SABR.fsh in Resources */,
			);
			runOnlyForDeploymentPostprocessing = 0;
		};
/* End PBXResourcesBuildPhase section */

/* Begin PBXShellScriptBuildPhase section */
		64F5DDF71A28E75500D29077 /* ShellScript */ = {
			isa = PBXShellScriptBuildPhase;
			buildActionMask = 2147483647;
			files = (
			);
			inputPaths = (
			);
			outputPaths = (
			);
			runOnlyForDeploymentPostprocessing = 0;
			shellPath = /bin/sh;
			shellScript = "buildNumber=$(/usr/libexec/PlistBuddy -c \"Print CFBundleVersion\" \"${PROJECT_DIR}/../../resources/OS X/property lists/Info.plist\")\nbuildNumber=$(($buildNumber + 1))\n/usr/libexec/PlistBuddy -c \"Set :CFBundleVersion $buildNumber\" \"${PROJECT_DIR}/../../resources/OS X/property lists/Info.plist\"";
		};
/* End PBXShellScriptBuildPhase section */

/* Begin PBXSourcesBuildPhase section */
		64F5DD9B1A28E03C00D29077 /* Sources */ = {
			isa = PBXSourcesBuildPhase;
			buildActionMask = 2147483647;
			files = (
				64F5DE681A28EA5100D29077 /* SNP.c in Sources */,
				64BB31211B3D248700AE1D99 /* MachineWindowController.mm in Sources */,
				64F5DE651A28EA5100D29077 /* SNA.c in Sources */,
				645DAEA91B3C750C00C9AB10 /* Machine.cpp in Sources */,
				64F5DE631A28EA5100D29077 /* FRZ.c in Sources */,
				64F5DE621A28EA5100D29077 /* 89C.c in Sources */,
				64F5DE4C1A28E9B100D29077 /* PreferencesWindowController.m in Sources */,
				64F5DE671A28EA5100D29077 /* SIT.c in Sources */,
				64F5DE511A28E9B100D29077 /* TapeRecorderWindow.m in Sources */,
				645DAEA61B3B2C5400C9AB10 /* system.c in Sources */,
				64DEF6811B797EF4000F4F01 /* KeyboardWindowController.m in Sources */,
				64F5DE0B1A28E83A00D29077 /* GLOutput.cpp in Sources */,
				64F5DE0C1A28E83A00D29077 /* GLOutputShader.c in Sources */,
				64F5DE491A28E9B100D29077 /* MainController.mm in Sources */,
				64F5DE661A28EA5100D29077 /* ACH.c in Sources */,
				64F5DE641A28EA5100D29077 /* PLUSD.c in Sources */,
				64F5DE2E1A28E99000D29077 /* NSView+RedCode.m in Sources */,
				64F5DE711A28EA5F00D29077 /* Z80.c in Sources */,
				64F5DE4E1A28E9B100D29077 /* GLOutputView.mm in Sources */,
				64F5DE521A28E9B100D29077 /* Window.m in Sources */,
				64F5DE721A28EA5F00D29077 /* ZX Spectrum.c in Sources */,
				64F5DE481A28E9B100D29077 /* main.m in Sources */,
				64F5DE2D1A28E99000D29077 /* NSWindow+RedCode.m in Sources */,
				64F5DE6A1A28EA5100D29077 /* PRG.c in Sources */,
				64F5DE4F1A28E9B100D29077 /* CoreAudioOutput.m in Sources */,
				64F5DE731A28EA5F00D29077 /* AY-3-891x.c in Sources */,
				64F5DE4B1A28E9B100D29077 /* TapeRecorderWindowController.m in Sources */,
				64F5DE691A28EA5100D29077 /* ZX.c in Sources */,
			);
			runOnlyForDeploymentPostprocessing = 0;
		};
/* End PBXSourcesBuildPhase section */

/* Begin XCBuildConfiguration section */
		64F5DDBA1A28E03C00D29077 /* Debug */ = {
			isa = XCBuildConfiguration;
			buildSettings = {
				ALWAYS_SEARCH_USER_PATHS = NO;
				CLANG_CXX_LANGUAGE_STANDARD = "c++98";
				CLANG_ENABLE_MODULES = YES;
				CLANG_WARN_BOOL_CONVERSION = YES;
				CLANG_WARN_CONSTANT_CONVERSION = YES;
				CLANG_WARN_DIRECT_OBJC_ISA_USAGE = YES_ERROR;
				CLANG_WARN_EMPTY_BODY = YES;
				CLANG_WARN_ENUM_CONVERSION = YES;
				CLANG_WARN_INT_CONVERSION = YES;
				CLANG_WARN_OBJC_ROOT_CLASS = YES_ERROR;
				CLANG_WARN_UNREACHABLE_CODE = YES;
				CLANG_WARN__DUPLICATE_METHOD_MATCH = YES;
				CODE_SIGN_IDENTITY = "-";
				COPY_PHASE_STRIP = NO;
				ENABLE_STRICT_OBJC_MSGSEND = YES;
				GCC_C_LANGUAGE_STANDARD = gnu11;
				GCC_DYNAMIC_NO_PIC = NO;
				GCC_OPTIMIZATION_LEVEL = 0;
				GCC_PREPROCESSOR_DEFINITIONS = (
					"DEBUG=1",
					"$(inherited)",
				);
				GCC_SYMBOLS_PRIVATE_EXTERN = NO;
				GCC_WARN_64_TO_32_BIT_CONVERSION = YES;
				GCC_WARN_ABOUT_RETURN_TYPE = YES_ERROR;
				GCC_WARN_UNDECLARED_SELECTOR = YES;
				GCC_WARN_UNINITIALIZED_AUTOS = YES_AGGRESSIVE;
				GCC_WARN_UNUSED_FUNCTION = YES;
				GCC_WARN_UNUSED_VARIABLE = YES;
				HEADER_SEARCH_PATHS = (
					"$(inherited)",
					/Applications/Xcode.app/Contents/Developer/Toolchains/XcodeDefault.xctoolchain/usr/include,
					/usr/local/include,
					"/Users/manuel/Projects/Kits/Z/1/Z/Z.Kit/v0.1/API/C++",
				);
				MACOSX_DEPLOYMENT_TARGET = 10.6;
				MTL_ENABLE_DEBUG_INFO = YES;
				ONLY_ACTIVE_ARCH = YES;
			};
			name = Debug;
		};
		64F5DDBB1A28E03C00D29077 /* Release */ = {
			isa = XCBuildConfiguration;
			buildSettings = {
				ALWAYS_SEARCH_USER_PATHS = NO;
				CLANG_CXX_LANGUAGE_STANDARD = "c++98";
				CLANG_ENABLE_MODULES = YES;
				CLANG_WARN_BOOL_CONVERSION = YES;
				CLANG_WARN_CONSTANT_CONVERSION = YES;
				CLANG_WARN_DIRECT_OBJC_ISA_USAGE = YES_ERROR;
				CLANG_WARN_EMPTY_BODY = YES;
				CLANG_WARN_ENUM_CONVERSION = YES;
				CLANG_WARN_INT_CONVERSION = YES;
				CLANG_WARN_OBJC_ROOT_CLASS = YES_ERROR;
				CLANG_WARN_UNREACHABLE_CODE = YES;
				CLANG_WARN__DUPLICATE_METHOD_MATCH = YES;
				CODE_SIGN_IDENTITY = "-";
				COPY_PHASE_STRIP = YES;
				DEBUG_INFORMATION_FORMAT = "dwarf-with-dsym";
				ENABLE_NS_ASSERTIONS = NO;
				ENABLE_STRICT_OBJC_MSGSEND = YES;
				GCC_C_LANGUAGE_STANDARD = gnu11;
				GCC_WARN_64_TO_32_BIT_CONVERSION = YES;
				GCC_WARN_ABOUT_RETURN_TYPE = YES_ERROR;
				GCC_WARN_UNDECLARED_SELECTOR = YES;
				GCC_WARN_UNINITIALIZED_AUTOS = YES_AGGRESSIVE;
				GCC_WARN_UNUSED_FUNCTION = YES;
				GCC_WARN_UNUSED_VARIABLE = YES;
				HEADER_SEARCH_PATHS = (
					"$(inherited)",
					/Applications/Xcode.app/Contents/Developer/Toolchains/XcodeDefault.xctoolchain/usr/include,
					/usr/local/include,
					"/Users/manuel/Projects/Kits/Z/1/Z/Z.Kit/v0.1/API/C++",
				);
				MACOSX_DEPLOYMENT_TARGET = 10.6;
				MTL_ENABLE_DEBUG_INFO = NO;
			};
			name = Release;
		};
		64F5DDBD1A28E03C00D29077 /* Debug */ = {
			isa = XCBuildConfiguration;
			buildSettings = {
				ASSETCATALOG_COMPILER_APPICON_NAME = AppIcon;
				COMBINE_HIDPI_IMAGES = YES;
				GCC_PRECOMPILE_PREFIX_HEADER = YES;
				GCC_PREFIX_HEADER = "../../sources/OS X/Prefix.pch";
				INFOPLIST_FILE = "../../resources/OS X/Property Lists/Info.plist";
				LD_RUNPATH_SEARCH_PATHS = "$(inherited) @executable_path/../Frameworks";
				PRODUCT_NAME = "$(TARGET_NAME)";
			};
			name = Debug;
		};
		64F5DDBE1A28E03C00D29077 /* Release */ = {
			isa = XCBuildConfiguration;
			buildSettings = {
				ASSETCATALOG_COMPILER_APPICON_NAME = AppIcon;
				COMBINE_HIDPI_IMAGES = YES;
				GCC_PRECOMPILE_PREFIX_HEADER = YES;
				GCC_PREFIX_HEADER = "../../sources/OS X/Prefix.pch";
				INFOPLIST_FILE = "../../resources/OS X/Property Lists/Info.plist";
				LD_RUNPATH_SEARCH_PATHS = "$(inherited) @executable_path/../Frameworks";
				PRODUCT_NAME = "$(TARGET_NAME)";
			};
			name = Release;
		};
/* End XCBuildConfiguration section */

/* Begin XCConfigurationList section */
		64F5DD9A1A28E03C00D29077 /* Build configuration list for PBXProject "μZX (OS X)" */ = {
			isa = XCConfigurationList;
			buildConfigurations = (
				64F5DDBA1A28E03C00D29077 /* Debug */,
				64F5DDBB1A28E03C00D29077 /* Release */,
			);
			defaultConfigurationIsVisible = 0;
			defaultConfigurationName = Release;
		};
		64F5DDBC1A28E03C00D29077 /* Build configuration list for PBXNativeTarget "μZX" */ = {
			isa = XCConfigurationList;
			buildConfigurations = (
				64F5DDBD1A28E03C00D29077 /* Debug */,
				64F5DDBE1A28E03C00D29077 /* Release */,
			);
			defaultConfigurationIsVisible = 0;
			defaultConfigurationName = Release;
		};
/* End XCConfigurationList section */
	};
	rootObject = 64F5DD971A28E03C00D29077 /* Project object */;
}
